{
  "name": "angular-io-example",
  "version": "1.0.0",
  "lockfileVersion": 1,
  "requires": true,
  "dependencies": {
    "@ng-bootstrap/ng-bootstrap": {
      "version": "3.3.0",
      "resolved": "https://registry.npmjs.org/@ng-bootstrap/ng-bootstrap/-/ng-bootstrap-3.3.0.tgz",
      "integrity": "sha512-dwGptpWKe5BOw/WTOI1GTtG1xLLUKkMrzR1kjc236pj4hh4RBL3aYo4PZEagEH0orLRAM0xARVhMJmjaaPyT4g==",
      "requires": {
        "tslib": "1.9.3"
      }
    },
    "highcharts": {
      "version": "6.1.4",
      "resolved": "https://registry.npmjs.org/highcharts/-/highcharts-6.1.4.tgz",
      "integrity": "sha512-m7uK2dvDmop4wAgB7RQjODS894HqNrxRUJh+Px7n1PsNyb7+aO22cRxx2rhvjmy1R8Q3Tf5I03AbjN5oAYyWSw=="
    },
    "highcharts-angular": {
      "version": "2.1.3",
      "resolved": "https://registry.npmjs.org/highcharts-angular/-/highcharts-angular-2.1.3.tgz",
      "integrity": "sha512-mjIQSbGMgZp747HY2JxEuQGkXNP1enOEOlePt8LFsYhvbi9Kf5bw7renNzxCVWI1G/XH3YVlSLZBeTYiGB2saA==",
      "requires": {
        "tslib": "1.9.3"
      }
    },
    "tslib": {
      "version": "1.9.3",
      "resolved": "https://registry.npmjs.org/tslib/-/tslib-1.9.3.tgz",
      "integrity": "sha512-4krF8scpejhaOgqzBEcGM7yDIEfi0/8+8zDRZhNZZ2kjmHJ4hv3zCbQWxoJGz1iw5U0Jl0nma13xzHXcncMavQ=="
    }
  }
}
